{
  "name": "test-private-package-npm",
  "version": "1.0.0",
  "lockfileVersion": 3,
  "requires": true,
  "packages": {
    "": {
      "name": "test-private-package-npm",
      "version": "1.0.0",
      "license": "ISC",
      "dependencies": {
        "@tgowan-endor/helloworld-npm": "1.0.1"
      }
    },
    "node_modules/@tgowan-endor/helloworld-npm": {
      "version": "1.0.1",
      "resolved": "https://npm.pkg.github.com/download/@tgowan-endor/helloworld-npm/1.0.1/baf553fa0a3699eaaa85fac5782aa4f5ee6e9bb6",
      "integrity": "sha512-rkBHUTLz9FWLh1FjLE/gUFnfA1y06TI3MExscMw66zOXb6A0JHZFVSI3GjQmH5I5QBNGLYar1VsJ1Jpbbo8VXA==",
      "license": "ISC"
    }
  }
}
